
Microsoft Visual Studio Solution File, Format Version 12.00
# Visual Studio Version 17
VisualStudioVersion = 17.4.33213.308
MinimumVisualStudioVersion = 10.0.40219.1
Project("{9A19103F-16F7-4668-BE54-9A1E7A4F7556}") = "GitHubApiTests", "GitHubApiTests\GitHubApiTests.csproj", "{12968AFD-A183-4892-8427-4E9A29DB040D}"
EndProject
Global
	GlobalSection(SolutionConfigurationPlatforms) = preSolution
		Debug|Any CPU = Debug|Any CPU
		Release|Any CPU = Release|Any CPU
	EndGlobalSection
	GlobalSection(ProjectConfigurationPlatforms) = postSolution
		{12968AFD-A183-4892-8427-4E9A29DB040D}.Debug|Any CPU.ActiveCfg = Debug|Any CPU
		{12968AFD-A183-4892-8427-4E9A29DB040D}.Debug|Any CPU.Build.0 = Debug|Any CPU
		{12968AFD-A183-4892-8427-4E9A29DB040D}.Release|Any CPU.ActiveCfg = Release|Any CPU
		{12968AFD-A183-4892-8427-4E9A29DB040D}.Release|Any CPU.Build.0 = Release|Any CPU
	EndGlobalSection
	GlobalSection(SolutionProperties) = preSolution
		HideSolutionNode = FALSE
	EndGlobalSection
	GlobalSection(ExtensibilityGlobals) = postSolution
		SolutionGuid = {3937D492-FFFC-4B17-A8E4-FE1BB652CE8E}
	EndGlobalSection
EndGlobal
